version = 4

[[package]]
name = "hiqlite"
version = "0.14.0"
source = "registry+https://github.com/rust-lang/crates.io-index"
checksum = "8711815c093414290a5fcbc0bf74e1e70e3d6ef37e21735000178d25cee6fcf0"

[[package]]
name = "hiqlite-wal"
version = "0.14.0"
source = "registry+https://github.com/rust-lang/crates.io-index"
checksum = "247fc29e082f38fdf25270f6a5d7148284c9710384c3bce21636608dc104fddf"
